// !$*UTF8*$!
{
	archiveVersion = 1;
	classes = {
	};
	objectVersion = 46;
	objects = {

/* Begin PBXBuildFile section */
		C6AC0EAB1C0D8831001B08CB /* main.swift in Sources */ = {isa = PBXBuildFile; fileRef = C6AC0EAA1C0D8831001B08CB /* main.swift */; };
		C6FBE1741C0D89B30059DBD7 /* TPUART2.swift in Sources */ = {isa = PBXBuildFile; fileRef = C6FBE1731C0D89B30059DBD7 /* TPUART2.swift */; };
		C6FBE1851C0D90440059DBD7 /* TPUART2Tests.swift in Sources */ = {isa = PBXBuildFile; fileRef = C6FBE1841C0D90440059DBD7 /* TPUART2Tests.swift */; };
/* End PBXBuildFile section */

/* Begin PBXCopyFilesBuildPhase section */
		C6AC0EA51C0D8831001B08CB /* CopyFiles */ = {
			isa = PBXCopyFilesBuildPhase;
			buildActionMask = 2147483647;
			dstPath = /usr/share/man/man1/;
			dstSubfolderSpec = 0;
			files = (
			);
			runOnlyForDeploymentPostprocessing = 1;
		};
/* End PBXCopyFilesBuildPhase section */

/* Begin PBXFileReference section */
		C6AC0EA71C0D8831001B08CB /* KNXDevice */ = {isa = PBXFileReference; explicitFileType = "compiled.mach-o.executable"; includeInIndex = 0; path = KNXDevice; sourceTree = BUILT_PRODUCTS_DIR; };
		C6AC0EAA1C0D8831001B08CB /* main.swift */ = {isa = PBXFileReference; lastKnownFileType = sourcecode.swift; path = main.swift; sourceTree = "<group>"; };
		C6FBE1731C0D89B30059DBD7 /* TPUART2.swift */ = {isa = PBXFileReference; fileEncoding = 4; lastKnownFileType = sourcecode.swift; name = TPUART2.swift; path = ../../TPUART2.swift; sourceTree = "<group>"; };
		C6FBE17C1C0D8B100059DBD7 /* KNXDeviceTests.xctest */ = {isa = PBXFileReference; explicitFileType = wrapper.cfbundle; includeInIndex = 0; path = KNXDeviceTests.xctest; sourceTree = BUILT_PRODUCTS_DIR; };
		C6FBE1801C0D8B100059DBD7 /* Info.plist */ = {isa = PBXFileReference; lastKnownFileType = text.plist.xml; path = Info.plist; sourceTree = "<group>"; };
		C6FBE1841C0D90440059DBD7 /* TPUART2Tests.swift */ = {isa = PBXFileReference; fileEncoding = 4; lastKnownFileType = sourcecode.swift; path = TPUART2Tests.swift; sourceTree = "<group>"; };
/* End PBXFileReference section */

/* Begin PBXFrameworksBuildPhase section */
		C6AC0EA41C0D8831001B08CB /* Frameworks */ = {
			isa = PBXFrameworksBuildPhase;
			buildActionMask = 2147483647;
			files = (
			);
			runOnlyForDeploymentPostprocessing = 0;
		};
		C6FBE1791C0D8B100059DBD7 /* Frameworks */ = {
			isa = PBXFrameworksBuildPhase;
			buildActionMask = 2147483647;
			files = (
			);
			runOnlyForDeploymentPostprocessing = 0;
		};
/* End PBXFrameworksBuildPhase section */

/* Begin PBXGroup section */
		C6AC0E9E1C0D8831001B08CB = {
			isa = PBXGroup;
			children = (
				C6AC0EA91C0D8831001B08CB /* KNXDevice */,
				C6FBE17D1C0D8B100059DBD7 /* KNXDeviceTests */,
				C6AC0EA81C0D8831001B08CB /* Products */,
			);
			sourceTree = "<group>";
		};
		C6AC0EA81C0D8831001B08CB /* Products */ = {
			isa = PBXGroup;
			children = (
				C6AC0EA71C0D8831001B08CB /* KNXDevice */,
				C6FBE17C1C0D8B100059DBD7 /* KNXDeviceTests.xctest */,
			);
			name = Products;
			sourceTree = "<group>";
		};
		C6AC0EA91C0D8831001B08CB /* KNXDevice */ = {
			isa = PBXGroup;
			children = (
				C6AC0EAA1C0D8831001B08CB /* main.swift */,
				C6FBE1731C0D89B30059DBD7 /* TPUART2.swift */,
			);
			path = KNXDevice;
			sourceTree = "<group>";
		};
		C6FBE17D1C0D8B100059DBD7 /* KNXDeviceTests */ = {
			isa = PBXGroup;
			children = (
				C6FBE1801C0D8B100059DBD7 /* Info.plist */,
				C6FBE1841C0D90440059DBD7 /* TPUART2Tests.swift */,
			);
			path = KNXDeviceTests;
			sourceTree = "<group>";
		};
/* End PBXGroup section */

/* Begin PBXNativeTarget section */
		C6AC0EA61C0D8831001B08CB /* KNXDevice */ = {
			isa = PBXNativeTarget;
			buildConfigurationList = C6AC0EAE1C0D8831001B08CB /* Build configuration list for PBXNativeTarget "KNXDevice" */;
			buildPhases = (
				C6AC0EA31C0D8831001B08CB /* Sources */,
				C6AC0EA41C0D8831001B08CB /* Frameworks */,
				C6AC0EA51C0D8831001B08CB /* CopyFiles */,
			);
			buildRules = (
			);
			dependencies = (
			);
			name = KNXDevice;
			productName = KNXDevice;
			productReference = C6AC0EA71C0D8831001B08CB /* KNXDevice */;
			productType = "com.apple.product-type.tool";
		};
		C6FBE17B1C0D8B100059DBD7 /* KNXDeviceTests */ = {
			isa = PBXNativeTarget;
			buildConfigurationList = C6FBE1811C0D8B100059DBD7 /* Build configuration list for PBXNativeTarget "KNXDeviceTests" */;
			buildPhases = (
				C6FBE1781C0D8B100059DBD7 /* Sources */,
				C6FBE1791C0D8B100059DBD7 /* Frameworks */,
				C6FBE17A1C0D8B100059DBD7 /* Resources */,
			);
			buildRules = (
			);
			dependencies = (
			);
			name = KNXDeviceTests;
			productName = KNXDeviceTests;
			productReference = C6FBE17C1C0D8B100059DBD7 /* KNXDeviceTests.xctest */;
			productType = "com.apple.product-type.bundle.unit-test";
		};
/* End PBXNativeTarget section */

/* Begin PBXProject section */
		C6AC0E9F1C0D8831001B08CB /* Project object */ = {
			isa = PBXProject;
			attributes = {
				LastSwiftUpdateCheck = 0710;
				LastUpgradeCheck = 0710;
				ORGANIZATIONNAME = "Uwe Arzt";
				TargetAttributes = {
					C6AC0EA61C0D8831001B08CB = {
						CreatedOnToolsVersion = 7.1.1;
					};
					C6FBE17B1C0D8B100059DBD7 = {
						CreatedOnToolsVersion = 7.1.1;
					};
				};
			};
			buildConfigurationList = C6AC0EA21C0D8831001B08CB /* Build configuration list for PBXProject "KNXDevice" */;
			compatibilityVersion = "Xcode 3.2";
			developmentRegion = English;
			hasScannedForEncodings = 0;
			knownRegions = (
				en,
			);
			mainGroup = C6AC0E9E1C0D8831001B08CB;
			productRefGroup = C6AC0EA81C0D8831001B08CB /* Products */;
			projectDirPath = "";
			projectRoot = "";
			targets = (
				C6AC0EA61C0D8831001B08CB /* KNXDevice */,
				C6FBE17B1C0D8B100059DBD7 /* KNXDeviceTests */,
			);
		};
/* End PBXProject section */

/* Begin PBXResourcesBuildPhase section */
		C6FBE17A1C0D8B100059DBD7 /* Resources */ = {
			isa = PBXResourcesBuildPhase;
			buildActionMask = 2147483647;
			files = (
			);
			runOnlyForDeploymentPostprocessing = 0;
		};
/* End PBXResourcesBuildPhase section */

/* Begin PBXSourcesBuildPhase section */
		C6AC0EA31C0D8831001B08CB /* Sources */ = {
			isa = PBXSourcesBuildPhase;
			buildActionMask = 2147483647;
			files = (
				C6FBE1741C0D89B30059DBD7 /* TPUART2.swift in Sources */,
				C6AC0EAB1C0D8831001B08CB /* main.swift in Sources */,
			);
			runOnlyForDeploymentPostprocessing = 0;
		};
		C6FBE1781C0D8B100059DBD7 /* Sources */ = {
			isa = PBXSourcesBuildPhase;
			buildActionMask = 2147483647;
			files = (
				C6FBE1851C0D90440059DBD7 /* TPUART2Tests.swift in Sources */,
			);
			runOnlyForDeploymentPostprocessing = 0;
		};
/* End PBXSourcesBuildPhase section */

/* Begin XCBuildConfiguration section */
		C6AC0EAC1C0D8831001B08CB /* Debug */ = {
			isa = XCBuildConfiguration;
			buildSettings = {
				ALWAYS_SEARCH_USER_PATHS = NO;
				CLANG_CXX_LANGUAGE_STANDARD = "gnu++0x";
				CLANG_CXX_LIBRARY = "libc++";
				CLANG_ENABLE_MODULES = YES;
				CLANG_ENABLE_OBJC_ARC = YES;
				CLANG_WARN_BOOL_CONVERSION = YES;
				CLANG_WARN_CONSTANT_CONVERSION = YES;
				CLANG_WARN_DIRECT_OBJC_ISA_USAGE = YES_ERROR;
				CLANG_WARN_EMPTY_BODY = YES;
				CLANG_WARN_ENUM_CONVERSION = YES;
				CLANG_WARN_INT_CONVERSION = YES;
				CLANG_WARN_OBJC_ROOT_CLASS = YES_ERROR;
				CLANG_WARN_UNREACHABLE_CODE = YES;
				CLANG_WARN__DUPLICATE_METHOD_MATCH = YES;
				CODE_SIGN_IDENTITY = "-";
				COPY_PHASE_STRIP = NO;
				DEBUG_INFORMATION_FORMAT = dwarf;
				ENABLE_STRICT_OBJC_MSGSEND = YES;
				ENABLE_TESTABILITY = YES;
				GCC_C_LANGUAGE_STANDARD = gnu99;
				GCC_DYNAMIC_NO_PIC = NO;
				GCC_NO_COMMON_BLOCKS = YES;
				GCC_OPTIMIZATION_LEVEL = 0;
				GCC_PREPROCESSOR_DEFINITIONS = (
					"DEBUG=1",
					"$(inherited)",
				);
				GCC_WARN_64_TO_32_BIT_CONVERSION = YES;
				GCC_WARN_ABOUT_RETURN_TYPE = YES_ERROR;
				GCC_WARN_UNDECLARED_SELECTOR = YES;
				GCC_WARN_UNINITIALIZED_AUTOS = YES_AGGRESSIVE;
				GCC_WARN_UNUSED_FUNCTION = YES;
				GCC_WARN_UNUSED_VARIABLE = YES;
				MACOSX_DEPLOYMENT_TARGET = 10.11;
				MTL_ENABLE_DEBUG_INFO = YES;
				ONLY_ACTIVE_ARCH = YES;
				SDKROOT = macosx;
				SWIFT_OPTIMIZATION_LEVEL = "-Onone";
			};
			name = Debug;
		};
		C6AC0EAD1C0D8831001B08CB /* Release */ = {
			isa = XCBuildConfiguration;
			buildSettings = {
				ALWAYS_SEARCH_USER_PATHS = NO;
				CLANG_CXX_LANGUAGE_STANDARD = "gnu++0x";
				CLANG_CXX_LIBRARY = "libc++";
				CLANG_ENABLE_MODULES = YES;
				CLANG_ENABLE_OBJC_ARC = YES;
				CLANG_WARN_BOOL_CONVERSION = YES;
				CLANG_WARN_CONSTANT_CONVERSION = YES;
				CLANG_WARN_DIRECT_OBJC_ISA_USAGE = YES_ERROR;
				CLANG_WARN_EMPTY_BODY = YES;
				CLANG_WARN_ENUM_CONVERSION = YES;
				CLANG_WARN_INT_CONVERSION = YES;
				CLANG_WARN_OBJC_ROOT_CLASS = YES_ERROR;
				CLANG_WARN_UNREACHABLE_CODE = YES;
				CLANG_WARN__DUPLICATE_METHOD_MATCH = YES;
				CODE_SIGN_IDENTITY = "-";
				COPY_PHASE_STRIP = NO;
				DEBUG_INFORMATION_FORMAT = "dwarf-with-dsym";
				ENABLE_NS_ASSERTIONS = NO;
				ENABLE_STRICT_OBJC_MSGSEND = YES;
				GCC_C_LANGUAGE_STANDARD = gnu99;
				GCC_NO_COMMON_BLOCKS = YES;
				GCC_WARN_64_TO_32_BIT_CONVERSION = YES;
				GCC_WARN_ABOUT_RETURN_TYPE = YES_ERROR;
				GCC_WARN_UNDECLARED_SELECTOR = YES;
				GCC_WARN_UNINITIALIZED_AUTOS = YES_AGGRESSIVE;
				GCC_WARN_UNUSED_FUNCTION = YES;
				GCC_WARN_UNUSED_VARIABLE = YES;
				MACOSX_DEPLOYMENT_TARGET = 10.11;
				MTL_ENABLE_DEBUG_INFO = NO;
				SDKROOT = macosx;
			};
			name = Release;
		};
		C6AC0EAF1C0D8831001B08CB /* Debug */ = {
			isa = XCBuildConfiguration;
			buildSettings = {
				PRODUCT_NAME = "$(TARGET_NAME)";
			};
			name = Debug;
		};
		C6AC0EB01C0D8831001B08CB /* Release */ = {
			isa = XCBuildConfiguration;
			buildSettings = {
				PRODUCT_NAME = "$(TARGET_NAME)";
			};
			name = Release;
		};
		C6FBE1821C0D8B100059DBD7 /* Debug */ = {
			isa = XCBuildConfiguration;
			buildSettings = {
				COMBINE_HIDPI_IMAGES = YES;
				INFOPLIST_FILE = KNXDeviceTests/Info.plist;
				LD_RUNPATH_SEARCH_PATHS = "$(inherited) @executable_path/../Frameworks @loader_path/../Frameworks";
				PRODUCT_BUNDLE_IDENTIFIER = "de.uwe-arzt.KNXDeviceTests";
				PRODUCT_NAME = "$(TARGET_NAME)";
			};
			name = Debug;
		};
		C6FBE1831C0D8B100059DBD7 /* Release */ = {
			isa = XCBuildConfiguration;
			buildSettings = {
				COMBINE_HIDPI_IMAGES = YES;
				INFOPLIST_FILE = KNXDeviceTests/Info.plist;
				LD_RUNPATH_SEARCH_PATHS = "$(inherited) @executable_path/../Frameworks @loader_path/../Frameworks";
				PRODUCT_BUNDLE_IDENTIFIER = "de.uwe-arzt.KNXDeviceTests";
				PRODUCT_NAME = "$(TARGET_NAME)";
			};
			name = Release;
		};
/* End XCBuildConfiguration section */

/* Begin XCConfigurationList section */
		C6AC0EA21C0D8831001B08CB /* Build configuration list for PBXProject "KNXDevice" */ = {
			isa = XCConfigurationList;
			buildConfigurations = (
				C6AC0EAC1C0D8831001B08CB /* Debug */,
				C6AC0EAD1C0D8831001B08CB /* Release */,
			);
			defaultConfigurationIsVisible = 0;
			defaultConfigurationName = Release;
		};
		C6AC0EAE1C0D8831001B08CB /* Build configuration list for PBXNativeTarget "KNXDevice" */ = {
			isa = XCConfigurationList;
			buildConfigurations = (
				C6AC0EAF1C0D8831001B08CB /* Debug */,
				C6AC0EB01C0D8831001B08CB /* Release */,
			);
			defaultConfigurationIsVisible = 0;
			defaultConfigurationName = Release;
		};
		C6FBE1811C0D8B100059DBD7 /* Build configuration list for PBXNativeTarget "KNXDeviceTests" */ = {
			isa = XCConfigurationList;
			buildConfigurations = (
				C6FBE1821C0D8B100059DBD7 /* Debug */,
				C6FBE1831C0D8B100059DBD7 /* Release */,
			);
			defaultConfigurationIsVisible = 0;
		};
/* End XCConfigurationList section */
	};
	rootObject = C6AC0E9F1C0D8831001B08CB /* Project object */;
}
